
Microsoft Visual Studio Solution File, Format Version 12.00
# Visual Studio Version 16
VisualStudioVersion = 16.0.29215.179
MinimumVisualStudioVersion = 10.0.40219.1
Project("{FAE04EC0-301F-11D3-BF4B-00C04F79EFBC}") = "Module2", "Module2.csproj", "{2066CA84-8E4B-4F41-AF80-44AA53C180DA}"
EndProject
Global
	GlobalSection(SolutionConfigurationPlatforms) = preSolution
		Debug|Any CPU = Debug|Any CPU
		Release|Any CPU = Release|Any CPU
	EndGlobalSection
	GlobalSection(ProjectConfigurationPlatforms) = postSolution
		{2066CA84-8E4B-4F41-AF80-44AA53C180DA}.Debug|Any CPU.ActiveCfg = Debug|Any CPU
		{2066CA84-8E4B-4F41-AF80-44AA53C180DA}.Debug|Any CPU.Build.0 = Debug|Any CPU
		{2066CA84-8E4B-4F41-AF80-44AA53C180DA}.Release|Any CPU.ActiveCfg = Release|Any CPU
		{2066CA84-8E4B-4F41-AF80-44AA53C180DA}.Release|Any CPU.Build.0 = Release|Any CPU
	EndGlobalSection
	GlobalSection(SolutionProperties) = preSolution
		HideSolutionNode = FALSE
	EndGlobalSection
	GlobalSection(ExtensibilityGlobals) = postSolution
		SolutionGuid = {4605775D-8E17-40C1-93D8-D0A6CA7F926C}
	EndGlobalSection
EndGlobal
